
Microsoft Visual Studio Solution File, Format Version 12.00
# Visual Studio Version 16
VisualStudioVersion = 16.0.29926.136
MinimumVisualStudioVersion = 10.0.40219.1
Project("{9A19103F-16F7-4668-BE54-9A1E7A4F7556}") = "Cancel", "..\..\..\Desktop\Cancel\Cancel.csproj", "{6217EF82-1890-4749-BFD6-EA4DCE471B22}"
EndProject
Project("{9A19103F-16F7-4668-BE54-9A1E7A4F7556}") = "CancelApi", "CancelApi\CancelApi.csproj", "{FAD01471-A032-4C33-8998-89566718BBA3}"
EndProject
Global
	GlobalSection(SolutionConfigurationPlatforms) = preSolution
		Debug|Any CPU = Debug|Any CPU
		Release|Any CPU = Release|Any CPU
	EndGlobalSection
	GlobalSection(ProjectConfigurationPlatforms) = postSolution
		{6217EF82-1890-4749-BFD6-EA4DCE471B22}.Debug|Any CPU.ActiveCfg = Debug|Any CPU
		{6217EF82-1890-4749-BFD6-EA4DCE471B22}.Debug|Any CPU.Build.0 = Debug|Any CPU
		{6217EF82-1890-4749-BFD6-EA4DCE471B22}.Release|Any CPU.ActiveCfg = Release|Any CPU
		{6217EF82-1890-4749-BFD6-EA4DCE471B22}.Release|Any CPU.Build.0 = Release|Any CPU
		{FAD01471-A032-4C33-8998-89566718BBA3}.Debug|Any CPU.ActiveCfg = Debug|Any CPU
		{FAD01471-A032-4C33-8998-89566718BBA3}.Debug|Any CPU.Build.0 = Debug|Any CPU
		{FAD01471-A032-4C33-8998-89566718BBA3}.Release|Any CPU.ActiveCfg = Release|Any CPU
		{FAD01471-A032-4C33-8998-89566718BBA3}.Release|Any CPU.Build.0 = Release|Any CPU
	EndGlobalSection
	GlobalSection(SolutionProperties) = preSolution
		HideSolutionNode = FALSE
	EndGlobalSection
	GlobalSection(ExtensibilityGlobals) = postSolution
		SolutionGuid = {57FB0277-7DFF-462B-BA51-7E32BBE5A7BB}
	EndGlobalSection
EndGlobal
